
Microsoft Visual Studio Solution File, Format Version 12.00
Project("{FAE04EC0-301F-11D3-BF4B-00C04F79EFBC}") = "Watchdog", "Watchdog.csproj", "{CE9FCC51-3F54-4167-9B19-6124BE01380B}"
EndProject
Global
	GlobalSection(SolutionConfigurationPlatforms) = preSolution
		Debug|Any CPU = Debug|Any CPU
		Release|Any CPU = Release|Any CPU
	EndGlobalSection
	GlobalSection(ProjectConfigurationPlatforms) = postSolution
		{CE9FCC51-3F54-4167-9B19-6124BE01380B}.Debug|Any CPU.ActiveCfg = Debug|Any CPU
		{CE9FCC51-3F54-4167-9B19-6124BE01380B}.Debug|Any CPU.Build.0 = Debug|Any CPU
		{CE9FCC51-3F54-4167-9B19-6124BE01380B}.Release|Any CPU.ActiveCfg = Release|Any CPU
		{CE9FCC51-3F54-4167-9B19-6124BE01380B}.Release|Any CPU.Build.0 = Release|Any CPU
	EndGlobalSection
EndGlobal
